
Microsoft Visual Studio Solution File, Format Version 12.00
# Visual Studio Version 17
VisualStudioVersion = 17.11.35312.102
MinimumVisualStudioVersion = 10.0.40219.1
Project("{FAE04EC0-301F-11D3-BF4B-00C04F79EFBC}") = "EShop", "EShop\EShop.csproj", "{B2FBDC98-2A67-4AD9-9EC5-570BED090189}"
EndProject
Global
	GlobalSection(SolutionConfigurationPlatforms) = preSolution
		Debug|Any CPU = Debug|Any CPU
		Release|Any CPU = Release|Any CPU
	EndGlobalSection
	GlobalSection(ProjectConfigurationPlatforms) = postSolution
		{B2FBDC98-2A67-4AD9-9EC5-570BED090189}.Debug|Any CPU.ActiveCfg = Debug|Any CPU
		{B2FBDC98-2A67-4AD9-9EC5-570BED090189}.Debug|Any CPU.Build.0 = Debug|Any CPU
		{B2FBDC98-2A67-4AD9-9EC5-570BED090189}.Release|Any CPU.ActiveCfg = Release|Any CPU
		{B2FBDC98-2A67-4AD9-9EC5-570BED090189}.Release|Any CPU.Build.0 = Release|Any CPU
	EndGlobalSection
	GlobalSection(SolutionProperties) = preSolution
		HideSolutionNode = FALSE
	EndGlobalSection
	GlobalSection(ExtensibilityGlobals) = postSolution
		SolutionGuid = {FC2BE33C-E549-498A-80E8-D6353C527820}
	EndGlobalSection
EndGlobal
